
Microsoft Visual Studio Solution File, Format Version 12.00
# Visual Studio Version 17
VisualStudioVersion = 17.4.33403.182
MinimumVisualStudioVersion = 10.0.40219.1
Project("{FAE04EC0-301F-11D3-BF4B-00C04F79EFBC}") = "28) Find the Index of First (Easy)", "28) Find the Index of First (Easy)\28) Find the Index of First (Easy).csproj", "{AE74F68B-D4AE-4493-BD55-F6C78E2908A9}"
EndProject
Global
	GlobalSection(SolutionConfigurationPlatforms) = preSolution
		Debug|Any CPU = Debug|Any CPU
		Release|Any CPU = Release|Any CPU
	EndGlobalSection
	GlobalSection(ProjectConfigurationPlatforms) = postSolution
		{AE74F68B-D4AE-4493-BD55-F6C78E2908A9}.Debug|Any CPU.ActiveCfg = Debug|Any CPU
		{AE74F68B-D4AE-4493-BD55-F6C78E2908A9}.Debug|Any CPU.Build.0 = Debug|Any CPU
		{AE74F68B-D4AE-4493-BD55-F6C78E2908A9}.Release|Any CPU.ActiveCfg = Release|Any CPU
		{AE74F68B-D4AE-4493-BD55-F6C78E2908A9}.Release|Any CPU.Build.0 = Release|Any CPU
	EndGlobalSection
	GlobalSection(SolutionProperties) = preSolution
		HideSolutionNode = FALSE
	EndGlobalSection
	GlobalSection(ExtensibilityGlobals) = postSolution
		SolutionGuid = {C5D64750-253B-4E9D-A52B-6BBA45DE5CC2}
	EndGlobalSection
EndGlobal
