
Microsoft Visual Studio Solution File, Format Version 12.00
# Visual Studio Version 17
VisualStudioVersion = 17.4.33403.182
MinimumVisualStudioVersion = 10.0.40219.1
Project("{FAE04EC0-301F-11D3-BF4B-00C04F79EFBC}") = "66 ) Plus One (Easy)", "66 ) Plus One (Easy)\66 ) Plus One (Easy).csproj", "{08749382-3478-4C95-B8D9-4EA69FA35005}"
EndProject
Global
	GlobalSection(SolutionConfigurationPlatforms) = preSolution
		Debug|Any CPU = Debug|Any CPU
		Release|Any CPU = Release|Any CPU
	EndGlobalSection
	GlobalSection(ProjectConfigurationPlatforms) = postSolution
		{08749382-3478-4C95-B8D9-4EA69FA35005}.Debug|Any CPU.ActiveCfg = Debug|Any CPU
		{08749382-3478-4C95-B8D9-4EA69FA35005}.Debug|Any CPU.Build.0 = Debug|Any CPU
		{08749382-3478-4C95-B8D9-4EA69FA35005}.Release|Any CPU.ActiveCfg = Release|Any CPU
		{08749382-3478-4C95-B8D9-4EA69FA35005}.Release|Any CPU.Build.0 = Release|Any CPU
	EndGlobalSection
	GlobalSection(SolutionProperties) = preSolution
		HideSolutionNode = FALSE
	EndGlobalSection
	GlobalSection(ExtensibilityGlobals) = postSolution
		SolutionGuid = {B243EBE4-DE9D-4E0A-85FC-1B7783BBEC77}
	EndGlobalSection
EndGlobal
