
Microsoft Visual Studio Solution File, Format Version 12.00
# Visual Studio Version 17
VisualStudioVersion = 17.4.33403.182
MinimumVisualStudioVersion = 10.0.40219.1
Project("{FAE04EC0-301F-11D3-BF4B-00C04F79EFBC}") = "5) Longest Polindromic Substring ( Medium)", "5) Longest Polindromic Substring ( Medium)\5) Longest Polindromic Substring ( Medium).csproj", "{51A843A6-9CB6-4D01-89E1-49233B01099D}"
EndProject
Global
	GlobalSection(SolutionConfigurationPlatforms) = preSolution
		Debug|Any CPU = Debug|Any CPU
		Release|Any CPU = Release|Any CPU
	EndGlobalSection
	GlobalSection(ProjectConfigurationPlatforms) = postSolution
		{51A843A6-9CB6-4D01-89E1-49233B01099D}.Debug|Any CPU.ActiveCfg = Debug|Any CPU
		{51A843A6-9CB6-4D01-89E1-49233B01099D}.Debug|Any CPU.Build.0 = Debug|Any CPU
		{51A843A6-9CB6-4D01-89E1-49233B01099D}.Release|Any CPU.ActiveCfg = Release|Any CPU
		{51A843A6-9CB6-4D01-89E1-49233B01099D}.Release|Any CPU.Build.0 = Release|Any CPU
	EndGlobalSection
	GlobalSection(SolutionProperties) = preSolution
		HideSolutionNode = FALSE
	EndGlobalSection
	GlobalSection(ExtensibilityGlobals) = postSolution
		SolutionGuid = {C9D1DBDA-5642-4F54-8645-510BFF5DA065}
	EndGlobalSection
EndGlobal
